
Microsoft Visual Studio Solution File, Format Version 12.00
# Visual Studio Version 17
VisualStudioVersion = 17.5.002.0
MinimumVisualStudioVersion = 10.0.40219.1
Project("{2150E333-8FDC-42A3-9474-1A3956D46DE8}") = "src", "src", "{976F752E-DB49-4A93-892B-9EA01E38FBB2}"
EndProject
Project("{9A19103F-16F7-4668-BE54-9A1E7A4F7556}") = "DevilMayClimb", "src\DevilMayClimb\DevilMayClimb.csproj", "{72F960C2-D260-4A52-A321-3C89B60CFF9E}"
EndProject
Global
	GlobalSection(SolutionConfigurationPlatforms) = preSolution
		Debug|Any CPU = Debug|Any CPU
		Release|Any CPU = Release|Any CPU
	EndGlobalSection
	GlobalSection(ProjectConfigurationPlatforms) = postSolution
		{72F960C2-D260-4A52-A321-3C89B60CFF9E}.Debug|Any CPU.ActiveCfg = Debug|Any CPU
		{72F960C2-D260-4A52-A321-3C89B60CFF9E}.Debug|Any CPU.Build.0 = Debug|Any CPU
		{72F960C2-D260-4A52-A321-3C89B60CFF9E}.Release|Any CPU.ActiveCfg = Release|Any CPU
		{72F960C2-D260-4A52-A321-3C89B60CFF9E}.Release|Any CPU.Build.0 = Release|Any CPU
	EndGlobalSection
	GlobalSection(SolutionProperties) = preSolution
		HideSolutionNode = FALSE
	EndGlobalSection
	GlobalSection(NestedProjects) = preSolution
		{72F960C2-D260-4A52-A321-3C89B60CFF9E} = {976F752E-DB49-4A93-892B-9EA01E38FBB2}
	EndGlobalSection
	GlobalSection(ExtensibilityGlobals) = postSolution
		SolutionGuid = {92F6D475-68F0-44D6-A1AF-A28F5948E381}
	EndGlobalSection
EndGlobal
